
Microsoft Visual Studio Solution File, Format Version 12.00
Project("{2150E333-8FDC-42A3-9474-1A3956D46DE8}") = "Core", "Core", "{EC3FEB54-30FB-4076-B949-782FA6E84112}"
EndProject
Project("{2150E333-8FDC-42A3-9474-1A3956D46DE8}") = "Infrastructure", "Infrastructure", "{9EF023AD-5B1B-4DA3-AA15-293A962375E7}"
EndProject
Project("{2150E333-8FDC-42A3-9474-1A3956D46DE8}") = "Presentation", "Presentation", "{65387313-DBE5-459F-B804-7CE57AA15366}"
EndProject
Project("{2150E333-8FDC-42A3-9474-1A3956D46DE8}") = "Tests", "Tests", "{AB82F5D4-02F7-493C-ACED-5C271AB05E6B}"
EndProject
Project("{2150E333-8FDC-42A3-9474-1A3956D46DE8}") = "Solution Items", "Solution Items", "{D126D044-ED65-473A-B6E5-24D860B869ED}"
	ProjectSection(SolutionItems) = preProject
		Makefile = Makefile
		docker-compose.yml = docker-compose.yml
	EndProjectSection
EndProject
Project("{FAE04EC0-301F-11D3-BF4B-00C04F79EFBC}") = "Domain", "Core\Domain\Domain.csproj", "{15B4A0CC-DC46-499A-92DA-D2B84A96102C}"
EndProject
Project("{FAE04EC0-301F-11D3-BF4B-00C04F79EFBC}") = "Application", "Core\Application\Application.csproj", "{C1C7411F-1C53-4B8F-9215-87416BA60691}"
EndProject
Project("{FAE04EC0-301F-11D3-BF4B-00C04F79EFBC}") = "Persistence", "Infrastructure\Persistence\Persistence.csproj", "{1C3939D8-50AC-4CBB-BF20-18C346636BBA}"
EndProject
Project("{2150E333-8FDC-42A3-9474-1A3956D46DE8}") = "Clients", "Clients", "{82D273C8-B1CF-4E5F-B732-8E814CBDC0B0}"
EndProject
Project("{FAE04EC0-301F-11D3-BF4B-00C04F79EFBC}") = "CacheService", "Infrastructure\CacheService\CacheService.csproj", "{FDB02909-E08F-4DA2-8D96-AAD872C69269}"
EndProject
Project("{FAE04EC0-301F-11D3-BF4B-00C04F79EFBC}") = "JobService", "Infrastructure\JobService\JobService.csproj", "{8B5F4137-2C74-4E2F-AFC1-D30762C90018}"
EndProject
Project("{FAE04EC0-301F-11D3-BF4B-00C04F79EFBC}") = "Api", "Presentation\Api\Api.csproj", "{60598C3F-6B4B-43BD-B6A7-3D79B1778F4C}"
EndProject
Project("{FAE04EC0-301F-11D3-BF4B-00C04F79EFBC}") = "Contacts", "Presentation\Contacts\Contacts.csproj", "{9A8FAF66-73AF-49BE-BD77-359E9A34E099}"
EndProject
Global
	GlobalSection(SolutionConfigurationPlatforms) = preSolution
		Debug|Any CPU = Debug|Any CPU
		Release|Any CPU = Release|Any CPU
	EndGlobalSection
	GlobalSection(NestedProjects) = preSolution
		{15B4A0CC-DC46-499A-92DA-D2B84A96102C} = {EC3FEB54-30FB-4076-B949-782FA6E84112}
		{C1C7411F-1C53-4B8F-9215-87416BA60691} = {EC3FEB54-30FB-4076-B949-782FA6E84112}
		{1C3939D8-50AC-4CBB-BF20-18C346636BBA} = {9EF023AD-5B1B-4DA3-AA15-293A962375E7}
		{82D273C8-B1CF-4E5F-B732-8E814CBDC0B0} = {9EF023AD-5B1B-4DA3-AA15-293A962375E7}
		{FDB02909-E08F-4DA2-8D96-AAD872C69269} = {9EF023AD-5B1B-4DA3-AA15-293A962375E7}
		{8B5F4137-2C74-4E2F-AFC1-D30762C90018} = {9EF023AD-5B1B-4DA3-AA15-293A962375E7}
		{60598C3F-6B4B-43BD-B6A7-3D79B1778F4C} = {65387313-DBE5-459F-B804-7CE57AA15366}
		{9A8FAF66-73AF-49BE-BD77-359E9A34E099} = {65387313-DBE5-459F-B804-7CE57AA15366}
	EndGlobalSection
	GlobalSection(ProjectConfigurationPlatforms) = postSolution
		{15B4A0CC-DC46-499A-92DA-D2B84A96102C}.Debug|Any CPU.ActiveCfg = Debug|Any CPU
		{15B4A0CC-DC46-499A-92DA-D2B84A96102C}.Debug|Any CPU.Build.0 = Debug|Any CPU
		{15B4A0CC-DC46-499A-92DA-D2B84A96102C}.Release|Any CPU.ActiveCfg = Release|Any CPU
		{15B4A0CC-DC46-499A-92DA-D2B84A96102C}.Release|Any CPU.Build.0 = Release|Any CPU
		{C1C7411F-1C53-4B8F-9215-87416BA60691}.Debug|Any CPU.ActiveCfg = Debug|Any CPU
		{C1C7411F-1C53-4B8F-9215-87416BA60691}.Debug|Any CPU.Build.0 = Debug|Any CPU
		{C1C7411F-1C53-4B8F-9215-87416BA60691}.Release|Any CPU.ActiveCfg = Release|Any CPU
		{C1C7411F-1C53-4B8F-9215-87416BA60691}.Release|Any CPU.Build.0 = Release|Any CPU
		{1C3939D8-50AC-4CBB-BF20-18C346636BBA}.Debug|Any CPU.ActiveCfg = Debug|Any CPU
		{1C3939D8-50AC-4CBB-BF20-18C346636BBA}.Debug|Any CPU.Build.0 = Debug|Any CPU
		{1C3939D8-50AC-4CBB-BF20-18C346636BBA}.Release|Any CPU.ActiveCfg = Release|Any CPU
		{1C3939D8-50AC-4CBB-BF20-18C346636BBA}.Release|Any CPU.Build.0 = Release|Any CPU
		{FDB02909-E08F-4DA2-8D96-AAD872C69269}.Debug|Any CPU.ActiveCfg = Debug|Any CPU
		{FDB02909-E08F-4DA2-8D96-AAD872C69269}.Debug|Any CPU.Build.0 = Debug|Any CPU
		{FDB02909-E08F-4DA2-8D96-AAD872C69269}.Release|Any CPU.ActiveCfg = Release|Any CPU
		{FDB02909-E08F-4DA2-8D96-AAD872C69269}.Release|Any CPU.Build.0 = Release|Any CPU
		{8B5F4137-2C74-4E2F-AFC1-D30762C90018}.Debug|Any CPU.ActiveCfg = Debug|Any CPU
		{8B5F4137-2C74-4E2F-AFC1-D30762C90018}.Debug|Any CPU.Build.0 = Debug|Any CPU
		{8B5F4137-2C74-4E2F-AFC1-D30762C90018}.Release|Any CPU.ActiveCfg = Release|Any CPU
		{8B5F4137-2C74-4E2F-AFC1-D30762C90018}.Release|Any CPU.Build.0 = Release|Any CPU
		{60598C3F-6B4B-43BD-B6A7-3D79B1778F4C}.Debug|Any CPU.ActiveCfg = Debug|Any CPU
		{60598C3F-6B4B-43BD-B6A7-3D79B1778F4C}.Debug|Any CPU.Build.0 = Debug|Any CPU
		{60598C3F-6B4B-43BD-B6A7-3D79B1778F4C}.Release|Any CPU.ActiveCfg = Release|Any CPU
		{60598C3F-6B4B-43BD-B6A7-3D79B1778F4C}.Release|Any CPU.Build.0 = Release|Any CPU
		{9A8FAF66-73AF-49BE-BD77-359E9A34E099}.Debug|Any CPU.ActiveCfg = Debug|Any CPU
		{9A8FAF66-73AF-49BE-BD77-359E9A34E099}.Debug|Any CPU.Build.0 = Debug|Any CPU
		{9A8FAF66-73AF-49BE-BD77-359E9A34E099}.Release|Any CPU.ActiveCfg = Release|Any CPU
		{9A8FAF66-73AF-49BE-BD77-359E9A34E099}.Release|Any CPU.Build.0 = Release|Any CPU
	EndGlobalSection
EndGlobal
